# This file is automatically @generated by Cargo.
# It is not intended for manual editing.
version = 4

[[package]]
name = "api-gateway"
version = "0.1.0"

[[package]]
name = "inventory-service"
version = "0.1.0"

[[package]]
name = "order-service"
version = "0.1.0"

[[package]]
name = "payment-service"
version = "0.1.0"

[[package]]
name = "product-service"
version = "0.1.0"

[[package]]
name = "shared"
version = "0.1.0"
